
Microsoft Visual Studio Solution File, Format Version 12.00
# Visual Studio 14
VisualStudioVersion = 14.0.24720.0
MinimumVisualStudioVersion = 10.0.40219.1
Project("{FAE04EC0-301F-11D3-BF4B-00C04F79EFBC}") = "Lesson6", "Lesson6\Lesson6.csproj", "{659A7F1B-5815-44EA-917D-94253F0D3B23}"
EndProject
Global
	GlobalSection(SolutionConfigurationPlatforms) = preSolution
		Debug|Any CPU = Debug|Any CPU
		Release|Any CPU = Release|Any CPU
	EndGlobalSection
	GlobalSection(ProjectConfigurationPlatforms) = postSolution
		{659A7F1B-5815-44EA-917D-94253F0D3B23}.Debug|Any CPU.ActiveCfg = Debug|Any CPU
		{659A7F1B-5815-44EA-917D-94253F0D3B23}.Debug|Any CPU.Build.0 = Debug|Any CPU
		{659A7F1B-5815-44EA-917D-94253F0D3B23}.Release|Any CPU.ActiveCfg = Release|Any CPU
		{659A7F1B-5815-44EA-917D-94253F0D3B23}.Release|Any CPU.Build.0 = Release|Any CPU
	EndGlobalSection
	GlobalSection(SolutionProperties) = preSolution
		HideSolutionNode = FALSE
	EndGlobalSection
EndGlobal
